
Microsoft Visual Studio Solution File, Format Version 12.00
# Visual Studio Version 17
VisualStudioVersion = 17.11.35222.181
MinimumVisualStudioVersion = 10.0.40219.1
Project("{FAE04EC0-301F-11D3-BF4B-00C04F79EFBC}") = "PortalDoContadorCDI.API", "PortalDoContadorCDI.API\PortalDoContadorCDI.API.csproj", "{66C6A41B-E8FA-4F9E-9AC3-43B9A831C36A}"
EndProject
Global
	GlobalSection(SolutionConfigurationPlatforms) = preSolution
		Debug|Any CPU = Debug|Any CPU
		Release|Any CPU = Release|Any CPU
	EndGlobalSection
	GlobalSection(ProjectConfigurationPlatforms) = postSolution
		{66C6A41B-E8FA-4F9E-9AC3-43B9A831C36A}.Debug|Any CPU.ActiveCfg = Debug|Any CPU
		{66C6A41B-E8FA-4F9E-9AC3-43B9A831C36A}.Debug|Any CPU.Build.0 = Debug|Any CPU
		{66C6A41B-E8FA-4F9E-9AC3-43B9A831C36A}.Release|Any CPU.ActiveCfg = Release|Any CPU
		{66C6A41B-E8FA-4F9E-9AC3-43B9A831C36A}.Release|Any CPU.Build.0 = Release|Any CPU
	EndGlobalSection
	GlobalSection(SolutionProperties) = preSolution
		HideSolutionNode = FALSE
	EndGlobalSection
	GlobalSection(ExtensibilityGlobals) = postSolution
		SolutionGuid = {8FACE743-5550-4B31-873C-E2268ECD93E9}
	EndGlobalSection
EndGlobal
